<?xml version="1.0" encoding="utf-8"?>
<Project ToolsVersion="4.0" xmlns="http://schemas.microsoft.com/developer/msbuild/2003">
  <ItemGroup>
    <Filter Include="リソース ファイル">
      <UniqueIdentifier>{67DA6AB6-F800-4c08-8B7A-83BB121AAD01}</UniqueIdentifier>
      <Extensions>rc;ico;cur;bmp;dlg;rc2;rct;bin;rgs;gif;jpg;jpeg;jpe;resx;tiff;tif;png;wav;mfcribbon-ms</Extensions>
    </Filter>
    <Filter Include="Game">
      <UniqueIdentifier>{27d85644-413f-493a-bd26-8b11326f5392}</UniqueIdentifier>
    </Filter>
    <Filter Include="Game\Phisics">
      <UniqueIdentifier>{b9f0df00-3268-4272-bd9c-948512743184}</UniqueIdentifier>
    </Filter>
    <Filter Include="Engine">
      <UniqueIdentifier>{c8162f2a-30ec-42ca-a337-3862b3a0efa3}</UniqueIdentifier>
    </Filter>
    <Filter Include="Engine\Graphics">
      <UniqueIdentifier>{0dde1cd7-2500-4089-8afc-94dfa19e6dc6}</UniqueIdentifier>
    </Filter>
    <Filter Include="Engine\Graphics\PostEffect">
      <UniqueIdentifier>{b6bc871a-0b83-4b05-8737-21106327d27c}</UniqueIdentifier>
    </Filter>
    <Filter Include="Engine\Graphics\PreRender">
      <UniqueIdentifier>{59ebc38e-27c8-482a-bc9b-e27fd493a94b}</UniqueIdentifier>
    </Filter>
    <Filter Include="Engine\GameObject">
      <UniqueIdentifier>{806a311c-38a0-4469-accf-5d23bf5894aa}</UniqueIdentifier>
    </Filter>
    <Filter Include="Engine\Debug">
      <UniqueIdentifier>{1921af58-a845-4dcb-868d-ed900d31741b}</UniqueIdentifier>
    </Filter>
    <Filter Include="Engine\Input">
      <UniqueIdentifier>{e2f2824f-e422-4162-95b0-bd9b8d50a1f3}</UniqueIdentifier>
    </Filter>
    <Filter Include="Engine\Particle">
      <UniqueIdentifier>{a594c1c3-ed9c-42e3-a108-9b60c0fc02d9}</UniqueIdentifier>
    </Filter>
    <Filter Include="Engine\Random">
      <UniqueIdentifier>{40bf131d-cb79-48ac-869a-f947ef371f2f}</UniqueIdentifier>
    </Filter>
    <Filter Include="Engine\Timer">
      <UniqueIdentifier>{e83e6a68-ef79-4308-b23a-63b35f0f1039}</UniqueIdentifier>
    </Filter>
    <Filter Include="Engine\Audio">
      <UniqueIdentifier>{acc53b37-2032-4e59-89e6-8eb4b6977996}</UniqueIdentifier>
    </Filter>
    <Filter Include="Game\Enemy">
      <UniqueIdentifier>{4df4eb21-390c-4cff-963d-598e50e4c8c8}</UniqueIdentifier>
    </Filter>
    <Filter Include="Game\Gimmick">
      <UniqueIdentifier>{6d3494ec-6a72-46b8-82bb-c12902cea35e}</UniqueIdentifier>
    </Filter>
    <Filter Include="Game\Player">
      <UniqueIdentifier>{3a7e947c-a8bc-4923-b445-9b77e51204a8}</UniqueIdentifier>
    </Filter>
    <Filter Include="Game\HUD">
      <UniqueIdentifier>{449b997a-830d-4701-95f5-0e4e03d9b29c}</UniqueIdentifier>
    </Filter>
    <Filter Include="Game\Field">
      <UniqueIdentifier>{ee506a1b-276a-4cbd-ab58-c6352c8c2075}</UniqueIdentifier>
    </Filter>
    <Filter Include="Game\Enemy\Boss">
      <UniqueIdentifier>{208e1801-c924-4b04-ac10-65c8d08c9ae6}</UniqueIdentifier>
    </Filter>
    <Filter Include="Game\Enemy\Boss\HFSM">
      <UniqueIdentifier>{b2302e14-44cd-43a1-921c-a437cc42f2be}</UniqueIdentifier>
    </Filter>
  </ItemGroup>
  <ItemGroup>
    <Text Include="ReadMe.txt" />
  </ItemGroup>
  <ItemGroup>
    <ClInclude Include="GameObject.h">
      <Filter>Engine\GameObject</Filter>
    </ClInclude>
    <ClInclude Include="ObjectManager.h">
      <Filter>Engine\GameObject</Filter>
    </ClInclude>
    <ClInclude Include="Assert.h">
      <Filter>Engine\Debug</Filter>
    </ClInclude>
    <ClInclude Include="PixTag.h">
      <Filter>Engine\Debug</Filter>
    </ClInclude>
    <ClInclude Include="GamePad.h">
      <Filter>Engine\Input</Filter>
    </ClInclude>
    <ClInclude Include="InputManager.h">
      <Filter>Engine\Input</Filter>
    </ClInclude>
    <ClInclude Include="Interface.h">
      <Filter>Engine\Input</Filter>
    </ClInclude>
    <ClInclude Include="KeyBoard.h">
      <Filter>Engine\Input</Filter>
    </ClInclude>
    <ClInclude Include="tkStopwatch.h">
      <Filter>Engine\Timer</Filter>
    </ClInclude>
    <ClInclude Include="Particle.h">
      <Filter>Engine\Particle</Filter>
    </ClInclude>
    <ClInclude Include="ParticleEmitter.h">
      <Filter>Engine\Particle</Filter>
    </ClInclude>
    <ClInclude Include="ParticleParameterTable.h">
      <Filter>Engine\Particle</Filter>
    </ClInclude>
    <ClInclude Include="Random.h">
      <Filter>Engine\Random</Filter>
    </ClInclude>
    <ClInclude Include="EM_Render.h">
      <Filter>Engine\Graphics\PreRender</Filter>
    </ClInclude>
    <ClInclude Include="EM_SamplingRender.h">
      <Filter>Engine\Graphics\PreRender</Filter>
    </ClInclude>
    <ClInclude Include="EM_SamplingRender_I.h">
      <Filter>Engine\Graphics\PreRender</Filter>
    </ClInclude>
    <ClInclude Include="ShadowRender.h">
      <Filter>Engine\Graphics\PreRender</Filter>
    </ClInclude>
    <ClInclude Include="ShadowSamplingRender.h">
      <Filter>Engine\Graphics\PreRender</Filter>
    </ClInclude>
    <ClInclude Include="ShadowSamplingRender_I.h">
      <Filter>Engine\Graphics\PreRender</Filter>
    </ClInclude>
    <ClInclude Include="BloomRender.h">
      <Filter>Engine\Graphics\PostEffect</Filter>
    </ClInclude>
    <ClInclude Include="DofRender.h">
      <Filter>Engine\Graphics\PostEffect</Filter>
    </ClInclude>
    <ClInclude Include="Animation.h">
      <Filter>Engine\Graphics</Filter>
    </ClInclude>
    <ClInclude Include="C2DImage.h">
      <Filter>Engine\Graphics</Filter>
    </ClInclude>
    <ClInclude Include="C2DRender.h">
      <Filter>Engine\Graphics</Filter>
    </ClInclude>
    <ClInclude Include="C3DImage.h">
      <Filter>Engine\Graphics</Filter>
    </ClInclude>
    <ClInclude Include="C3DObjectRender.h">
      <Filter>Engine\Graphics</Filter>
    </ClInclude>
    <ClInclude Include="C3DObjectRender_S.h">
      <Filter>Engine\Graphics</Filter>
    </ClInclude>
    <ClInclude Include="Camera.h">
      <Filter>Engine\Graphics</Filter>
    </ClInclude>
    <ClInclude Include="DirectFont.h">
      <Filter>Engine\Graphics</Filter>
    </ClInclude>
    <ClInclude Include="Effect.h">
      <Filter>Engine\Graphics</Filter>
    </ClInclude>
    <ClInclude Include="ImageManager.h">
      <Filter>Engine\Graphics</Filter>
    </ClInclude>
    <ClInclude Include="GraphicsDevice.h">
      <Filter>Engine\Graphics</Filter>
    </ClInclude>
    <ClInclude Include="InstancingRender.h">
      <Filter>Engine\Graphics</Filter>
    </ClInclude>
    <ClInclude Include="Model.h">
      <Filter>Engine\Graphics</Filter>
    </ClInclude>
    <ClInclude Include="Primitive.h">
      <Filter>Engine\Graphics</Filter>
    </ClInclude>
    <ClInclude Include="Render.h">
      <Filter>Engine\Graphics</Filter>
    </ClInclude>
    <ClInclude Include="RenderContext.h">
      <Filter>Engine\Graphics</Filter>
    </ClInclude>
    <ClInclude Include="RenderTarget.h">
      <Filter>Engine\Graphics</Filter>
    </ClInclude>
    <ClInclude Include="SkinModelData.h">
      <Filter>Engine\Graphics</Filter>
    </ClInclude>
    <ClInclude Include="ActreLight.h">
      <Filter>Engine\Graphics</Filter>
    </ClInclude>
    <ClInclude Include="Light.h">
      <Filter>Engine\Graphics</Filter>
    </ClInclude>
    <ClInclude Include="AllocateHierarchy.h">
      <Filter>Engine\Graphics</Filter>
    </ClInclude>
    <ClInclude Include="Audio.h">
      <Filter>Engine\Audio</Filter>
    </ClInclude>
    <ClInclude Include="DirectInput.h">
      <Filter>Engine\Input</Filter>
    </ClInclude>
    <ClInclude Include="BulletPhysics.h">
      <Filter>Game\Phisics</Filter>
    </ClInclude>
    <ClInclude Include="Rigidbody.h">
      <Filter>Game\Phisics</Filter>
    </ClInclude>
    <ClInclude Include="islntersect.h">
      <Filter>Game\Phisics</Filter>
    </ClInclude>
    <ClInclude Include="stdafx.h">
      <Filter>Engine</Filter>
    </ClInclude>
    <ClInclude Include="Infomation.h">
      <Filter>Engine</Filter>
    </ClInclude>
    <ClInclude Include="Bullet.h">
      <Filter>Game</Filter>
    </ClInclude>
    <ClInclude Include="CourceCamera.h">
      <Filter>Game</Filter>
    </ClInclude>
    <ClInclude Include="DirectX.h">
      <Filter>Game</Filter>
    </ClInclude>
    <ClInclude Include="GameCamera.h">
      <Filter>Game</Filter>
    </ClInclude>
    <ClInclude Include="GameManager.h">
      <Filter>Game</Filter>
    </ClInclude>
    <ClInclude Include="LevelBuilder.h">
      <Filter>Game</Filter>
    </ClInclude>
    <ClInclude Include="MainScene.h">
      <Filter>Game</Filter>
    </ClInclude>
    <ClInclude Include="Result.h">
      <Filter>Game</Filter>
    </ClInclude>
    <ClInclude Include="ResultBack.h">
      <Filter>Game</Filter>
    </ClInclude>
    <ClInclude Include="ResultCursor.h">
      <Filter>Game</Filter>
    </ClInclude>
    <ClInclude Include="ResultSelect.h">
      <Filter>Game</Filter>
    </ClInclude>
    <ClInclude Include="Scene.h">
      <Filter>Game</Filter>
    </ClInclude>
    <ClInclude Include="SceneResult.h">
      <Filter>Game</Filter>
    </ClInclude>
    <ClInclude Include="Score.h">
      <Filter>Game</Filter>
    </ClInclude>
    <ClInclude Include="SceneTitle.h">
      <Filter>Game</Filter>
    </ClInclude>
    <ClInclude Include="Stage.h">
      <Filter>Game</Filter>
    </ClInclude>
    <ClInclude Include="StageManager.h">
      <Filter>Game</Filter>
    </ClInclude>
    <ClInclude Include="StageTable.h">
      <Filter>Game</Filter>
    </ClInclude>
    <ClInclude Include="TestInstancing.h">
      <Filter>Game</Filter>
    </ClInclude>
    <ClInclude Include="TestObject2D.h">
      <Filter>Game</Filter>
    </ClInclude>
    <ClInclude Include="TitleBack.h">
      <Filter>Game</Filter>
    </ClInclude>
    <ClInclude Include="TitleCursor.h">
      <Filter>Game</Filter>
    </ClInclude>
    <ClInclude Include="TitleSelect.h">
      <Filter>Game</Filter>
    </ClInclude>
    <ClInclude Include="ZBufferSphere.h">
      <Filter>Game</Filter>
    </ClInclude>
    <ClInclude Include="targetver.h">
      <Filter>Engine</Filter>
    </ClInclude>
    <ClInclude Include="Resource.h">
      <Filter>Engine</Filter>
    </ClInclude>
    <ClInclude Include="collisionInfo.h">
      <Filter>Game\Phisics</Filter>
    </ClInclude>
    <ClInclude Include="CollisionType.h">
      <Filter>Game\Phisics</Filter>
    </ClInclude>
    <ClInclude Include="Block.h">
      <Filter>Game\Gimmick</Filter>
    </ClInclude>
    <ClInclude Include="BuildBlock.h">
      <Filter>Game\Gimmick</Filter>
    </ClInclude>
    <ClInclude Include="CBManager.h">
      <Filter>Game\Gimmick</Filter>
    </ClInclude>
    <ClInclude Include="ChocoBall.h">
      <Filter>Game\Gimmick</Filter>
    </ClInclude>
    <ClInclude Include="FallFloor.h">
      <Filter>Game\Gimmick</Filter>
    </ClInclude>
    <ClInclude Include="FireJet.h">
      <Filter>Game\Gimmick</Filter>
    </ClInclude>
    <ClInclude Include="JetGimmick.h">
      <Filter>Game\Gimmick</Filter>
    </ClInclude>
    <ClInclude Include="MoveFloor.h">
      <Filter>Game\Gimmick</Filter>
    </ClInclude>
    <ClInclude Include="SmokeJet.h">
      <Filter>Game\Gimmick</Filter>
    </ClInclude>
    <ClInclude Include="UpFloor.h">
      <Filter>Game\Gimmick</Filter>
    </ClInclude>
    <ClInclude Include="GameOver.h">
      <Filter>Game\HUD</Filter>
    </ClInclude>
    <ClInclude Include="Icon.h">
      <Filter>Game\HUD</Filter>
    </ClInclude>
    <ClInclude Include="ClearText.h">
      <Filter>Game\HUD</Filter>
    </ClInclude>
    <ClInclude Include="Number.h">
      <Filter>Game\HUD</Filter>
    </ClInclude>
    <ClInclude Include="Enemy.h">
      <Filter>Game\Enemy</Filter>
    </ClInclude>
    <ClInclude Include="EnemyBase.h">
      <Filter>Game\Enemy</Filter>
    </ClInclude>
    <ClInclude Include="EnemyFB.h">
      <Filter>Game\Enemy</Filter>
    </ClInclude>
    <ClInclude Include="Enemyjamp.h">
      <Filter>Game\Enemy</Filter>
    </ClInclude>
    <ClInclude Include="EnemyLR.h">
      <Filter>Game\Enemy</Filter>
    </ClInclude>
    <ClInclude Include="EnemyManager.h">
      <Filter>Game\Enemy</Filter>
    </ClInclude>
    <ClInclude Include="EnemyBullet.h">
      <Filter>Game\Enemy</Filter>
    </ClInclude>
    <ClInclude Include="Player.h">
      <Filter>Game\Player</Filter>
    </ClInclude>
    <ClInclude Include="PlayerAnimationContoller.h">
      <Filter>Game\Player</Filter>
    </ClInclude>
    <ClInclude Include="PlayerBullet.h">
      <Filter>Game\Player</Filter>
    </ClInclude>
    <ClInclude Include="Turn.h">
      <Filter>Game\Player</Filter>
    </ClInclude>
    <ClInclude Include="Vibration.h">
      <Filter>Game\Player</Filter>
    </ClInclude>
    <ClInclude Include="LockOn.h">
      <Filter>Game\Player</Filter>
    </ClInclude>
    <ClInclude Include="Field.h">
      <Filter>Game\Field</Filter>
    </ClInclude>
    <ClInclude Include="CourceDef.h">
      <Filter>Game\Field</Filter>
    </ClInclude>
    <ClInclude Include="Skybox.h">
      <Filter>Game\Field</Filter>
    </ClInclude>
    <ClInclude Include="Enemy_People.h">
      <Filter>Game\Enemy</Filter>
    </ClInclude>
    <ClInclude Include="MapTable.h">
      <Filter>Game\Field</Filter>
    </ClInclude>
    <ClInclude Include="MapObjectManager.h">
      <Filter>Game\Field</Filter>
    </ClInclude>
    <ClInclude Include="HadBar.h">
      <Filter>Game\HUD</Filter>
    </ClInclude>
    <ClInclude Include="DivisionWall.h">
      <Filter>Game\Gimmick</Filter>
    </ClInclude>
    <ClInclude Include="CollisionObject.h">
      <Filter>Game\Phisics</Filter>
    </ClInclude>
    <ClInclude Include="CollisionInterface.h">
      <Filter>Game\Phisics</Filter>
    </ClInclude>
    <ClInclude Include="CollisionRender.h" />
    <ClInclude Include="Enemy_Boss.h">
      <Filter>Game\Enemy\Boss</Filter>
    </ClInclude>
    <ClInclude Include="Barrier.h">
      <Filter>Game\Enemy\Boss</Filter>
    </ClInclude>
    <ClInclude Include="EscapeState.h">
      <Filter>Game\Enemy\Boss\HFSM</Filter>
    </ClInclude>
    <ClInclude Include="MoveState.h">
      <Filter>Game\Enemy\Boss\HFSM</Filter>
    </ClInclude>
    <ClInclude Include="RotateState.h">
      <Filter>Game\Enemy\Boss\HFSM</Filter>
    </ClInclude>
    <ClInclude Include="RushAttackState.h">
      <Filter>Game\Enemy\Boss\HFSM</Filter>
    </ClInclude>
    <ClInclude Include="ShotAttackState.h">
      <Filter>Game\Enemy\Boss\HFSM</Filter>
    </ClInclude>
    <ClInclude Include="ShotState.h">
      <Filter>Game\Enemy\Boss\HFSM</Filter>
    </ClInclude>
    <ClInclude Include="SleepState.h">
      <Filter>Game\Enemy\Boss\HFSM</Filter>
    </ClInclude>
    <ClInclude Include="State.h">
      <Filter>Game\Enemy\Boss\HFSM</Filter>
    </ClInclude>
    <ClInclude Include="TransState.h">
      <Filter>Game\Enemy\Boss\HFSM</Filter>
    </ClInclude>
    <ClInclude Include="WaitState.h">
      <Filter>Game\Enemy\Boss\HFSM</Filter>
    </ClInclude>
    <ClInclude Include="IsRepulsion.h">
      <Filter>Game\Phisics</Filter>
    </ClInclude>
    <ClInclude Include="AttackState.h">
      <Filter>Game\Enemy\Boss\HFSM</Filter>
    </ClInclude>
    <ClInclude Include="GameAudio.h">
      <Filter>Engine\Audio</Filter>
    </ClInclude>
    <ClInclude Include="DeathState.h" />
  </ItemGroup>
  <ItemGroup>
    <ClCompile Include="GameObject.cpp">
      <Filter>Engine\GameObject</Filter>
    </ClCompile>
    <ClCompile Include="ObjectManager.cpp">
      <Filter>Engine\GameObject</Filter>
    </ClCompile>
    <ClCompile Include="PixTag.cpp">
      <Filter>Engine\Debug</Filter>
    </ClCompile>
    <ClCompile Include="InputManager.cpp">
      <Filter>Engine\Input</Filter>
    </ClCompile>
    <ClCompile Include="KeyBoard.cpp">
      <Filter>Engine\Input</Filter>
    </ClCompile>
    <ClCompile Include="Interface.cpp">
      <Filter>Engine\Input</Filter>
    </ClCompile>
    <ClCompile Include="GamePad.cpp">
      <Filter>Engine\Input</Filter>
    </ClCompile>
    <ClCompile Include="tkStopwatch.cpp">
      <Filter>Engine\Timer</Filter>
    </ClCompile>
    <ClCompile Include="ParticleEmitter.cpp">
      <Filter>Engine\Particle</Filter>
    </ClCompile>
    <ClCompile Include="Particle.cpp">
      <Filter>Engine\Particle</Filter>
    </ClCompile>
    <ClCompile Include="Random.cpp">
      <Filter>Engine\Random</Filter>
    </ClCompile>
    <ClCompile Include="EM_Render.cpp">
      <Filter>Engine\Graphics\PreRender</Filter>
    </ClCompile>
    <ClCompile Include="EM_SamplingRender.cpp">
      <Filter>Engine\Graphics\PreRender</Filter>
    </ClCompile>
    <ClCompile Include="EM_SamplingRender_I.cpp">
      <Filter>Engine\Graphics\PreRender</Filter>
    </ClCompile>
    <ClCompile Include="ShadowRender.cpp">
      <Filter>Engine\Graphics\PreRender</Filter>
    </ClCompile>
    <ClCompile Include="ShadowSamplingRender.cpp">
      <Filter>Engine\Graphics\PreRender</Filter>
    </ClCompile>
    <ClCompile Include="ShadowSamplingRender_I.cpp">
      <Filter>Engine\Graphics\PreRender</Filter>
    </ClCompile>
    <ClCompile Include="BloomRender.cpp">
      <Filter>Engine\Graphics\PostEffect</Filter>
    </ClCompile>
    <ClCompile Include="DofRender.cpp">
      <Filter>Engine\Graphics\PostEffect</Filter>
    </ClCompile>
    <ClCompile Include="Animation.cpp">
      <Filter>Engine\Graphics</Filter>
    </ClCompile>
    <ClCompile Include="C2DImage.cpp">
      <Filter>Engine\Graphics</Filter>
    </ClCompile>
    <ClCompile Include="C2DRender.cpp">
      <Filter>Engine\Graphics</Filter>
    </ClCompile>
    <ClCompile Include="C3DImage.cpp">
      <Filter>Engine\Graphics</Filter>
    </ClCompile>
    <ClCompile Include="C3DObjectRender.cpp">
      <Filter>Engine\Graphics</Filter>
    </ClCompile>
    <ClCompile Include="C3DObjectRender_S.cpp">
      <Filter>Engine\Graphics</Filter>
    </ClCompile>
    <ClCompile Include="Camera.cpp">
      <Filter>Engine\Graphics</Filter>
    </ClCompile>
    <ClCompile Include="DirectFont.cpp">
      <Filter>Engine\Graphics</Filter>
    </ClCompile>
    <ClCompile Include="Effect.cpp">
      <Filter>Engine\Graphics</Filter>
    </ClCompile>
    <ClCompile Include="GraphicsDevice.cpp">
      <Filter>Engine\Graphics</Filter>
    </ClCompile>
    <ClCompile Include="ImageManager.cpp">
      <Filter>Engine\Graphics</Filter>
    </ClCompile>
    <ClCompile Include="InstancingRender.cpp">
      <Filter>Engine\Graphics</Filter>
    </ClCompile>
    <ClCompile Include="Model.cpp">
      <Filter>Engine\Graphics</Filter>
    </ClCompile>
    <ClCompile Include="Render.cpp">
      <Filter>Engine\Graphics</Filter>
    </ClCompile>
    <ClCompile Include="RenderContext.cpp">
      <Filter>Engine\Graphics</Filter>
    </ClCompile>
    <ClCompile Include="RenderTarget.cpp">
      <Filter>Engine\Graphics</Filter>
    </ClCompile>
    <ClCompile Include="SkinModelData.cpp">
      <Filter>Engine\Graphics</Filter>
    </ClCompile>
    <ClCompile Include="Primitive.cpp">
      <Filter>Engine\Graphics</Filter>
    </ClCompile>
    <ClCompile Include="ActreLight.cpp">
      <Filter>Engine\Graphics</Filter>
    </ClCompile>
    <ClCompile Include="Light.cpp">
      <Filter>Engine\Graphics</Filter>
    </ClCompile>
    <ClCompile Include="AllocateHierarchy.cpp">
      <Filter>Engine\Graphics</Filter>
    </ClCompile>
    <ClCompile Include="Audio.cpp">
      <Filter>Engine\Audio</Filter>
    </ClCompile>
    <ClCompile Include="DirectInput.cpp">
      <Filter>Engine\Input</Filter>
    </ClCompile>
    <ClCompile Include="BulletPhysics.cpp">
      <Filter>Game\Phisics</Filter>
    </ClCompile>
    <ClCompile Include="Rigidbody.cpp">
      <Filter>Game\Phisics</Filter>
    </ClCompile>
    <ClCompile Include="islntersect.cpp">
      <Filter>Game\Phisics</Filter>
    </ClCompile>
    <ClCompile Include="Bullet.cpp">
      <Filter>Game</Filter>
    </ClCompile>
    <ClCompile Include="CourceCamera.cpp">
      <Filter>Game</Filter>
    </ClCompile>
    <ClCompile Include="DirectX.cpp">
      <Filter>Game</Filter>
    </ClCompile>
    <ClCompile Include="GameCamera.cpp">
      <Filter>Game</Filter>
    </ClCompile>
    <ClCompile Include="GameManager.cpp">
      <Filter>Game</Filter>
    </ClCompile>
    <ClCompile Include="LevelBuilder.cpp">
      <Filter>Game</Filter>
    </ClCompile>
    <ClCompile Include="MainScene.cpp">
      <Filter>Game</Filter>
    </ClCompile>
    <ClCompile Include="Result.cpp">
      <Filter>Game</Filter>
    </ClCompile>
    <ClCompile Include="ResultBack.cpp">
      <Filter>Game</Filter>
    </ClCompile>
    <ClCompile Include="ResultCursor.cpp">
      <Filter>Game</Filter>
    </ClCompile>
    <ClCompile Include="ResultSelect.cpp">
      <Filter>Game</Filter>
    </ClCompile>
    <ClCompile Include="Scene.cpp">
      <Filter>Game</Filter>
    </ClCompile>
    <ClCompile Include="SceneResult.cpp">
      <Filter>Game</Filter>
    </ClCompile>
    <ClCompile Include="SceneTitle.cpp">
      <Filter>Game</Filter>
    </ClCompile>
    <ClCompile Include="Score.cpp">
      <Filter>Game</Filter>
    </ClCompile>
    <ClCompile Include="Stage.cpp">
      <Filter>Game</Filter>
    </ClCompile>
    <ClCompile Include="StageManager.cpp">
      <Filter>Game</Filter>
    </ClCompile>
    <ClCompile Include="TestInstancing.cpp">
      <Filter>Game</Filter>
    </ClCompile>
    <ClCompile Include="TestObject2D.cpp">
      <Filter>Game</Filter>
    </ClCompile>
    <ClCompile Include="TitleBack.cpp">
      <Filter>Game</Filter>
    </ClCompile>
    <ClCompile Include="TitleCursor.cpp">
      <Filter>Game</Filter>
    </ClCompile>
    <ClCompile Include="TitleSelect.cpp">
      <Filter>Game</Filter>
    </ClCompile>
    <ClCompile Include="ZBufferSphere.cpp">
      <Filter>Game</Filter>
    </ClCompile>
    <ClCompile Include="stdafx.cpp">
      <Filter>Engine</Filter>
    </ClCompile>
    <ClCompile Include="Block.cpp">
      <Filter>Game\Gimmick</Filter>
    </ClCompile>
    <ClCompile Include="BuildBlock.cpp">
      <Filter>Game\Gimmick</Filter>
    </ClCompile>
    <ClCompile Include="CBManager.cpp">
      <Filter>Game\Gimmick</Filter>
    </ClCompile>
    <ClCompile Include="ChocoBall.cpp">
      <Filter>Game\Gimmick</Filter>
    </ClCompile>
    <ClCompile Include="FallFloor.cpp">
      <Filter>Game\Gimmick</Filter>
    </ClCompile>
    <ClCompile Include="FireJet.cpp">
      <Filter>Game\Gimmick</Filter>
    </ClCompile>
    <ClCompile Include="JetGimmick.cpp">
      <Filter>Game\Gimmick</Filter>
    </ClCompile>
    <ClCompile Include="MoveFloor.cpp">
      <Filter>Game\Gimmick</Filter>
    </ClCompile>
    <ClCompile Include="SmokeJet.cpp">
      <Filter>Game\Gimmick</Filter>
    </ClCompile>
    <ClCompile Include="UpFloor.cpp">
      <Filter>Game\Gimmick</Filter>
    </ClCompile>
    <ClCompile Include="GameOver.cpp">
      <Filter>Game\HUD</Filter>
    </ClCompile>
    <ClCompile Include="Icon.cpp">
      <Filter>Game\HUD</Filter>
    </ClCompile>
    <ClCompile Include="ClearText.cpp">
      <Filter>Game\HUD</Filter>
    </ClCompile>
    <ClCompile Include="Number.cpp">
      <Filter>Game\HUD</Filter>
    </ClCompile>
    <ClCompile Include="Enemy.cpp">
      <Filter>Game\Enemy</Filter>
    </ClCompile>
    <ClCompile Include="EnemyBase.cpp">
      <Filter>Game\Enemy</Filter>
    </ClCompile>
    <ClCompile Include="EnemyFB.cpp">
      <Filter>Game\Enemy</Filter>
    </ClCompile>
    <ClCompile Include="Enemyjamp.cpp">
      <Filter>Game\Enemy</Filter>
    </ClCompile>
    <ClCompile Include="EnemyLR.cpp">
      <Filter>Game\Enemy</Filter>
    </ClCompile>
    <ClCompile Include="EnemyManager.cpp">
      <Filter>Game\Enemy</Filter>
    </ClCompile>
    <ClCompile Include="EnemyBullet.cpp">
      <Filter>Game\Enemy</Filter>
    </ClCompile>
    <ClCompile Include="Player.cpp">
      <Filter>Game\Player</Filter>
    </ClCompile>
    <ClCompile Include="PlayerAnimationContoller.cpp">
      <Filter>Game\Player</Filter>
    </ClCompile>
    <ClCompile Include="PlayerBullet.cpp">
      <Filter>Game\Player</Filter>
    </ClCompile>
    <ClCompile Include="Tunr.cpp">
      <Filter>Game\Player</Filter>
    </ClCompile>
    <ClCompile Include="Vibration.cpp">
      <Filter>Game\Player</Filter>
    </ClCompile>
    <ClCompile Include="LockOn.cpp">
      <Filter>Game\Player</Filter>
    </ClCompile>
    <ClCompile Include="Field.cpp">
      <Filter>Game\Field</Filter>
    </ClCompile>
    <ClCompile Include="CourceDef.cpp">
      <Filter>Game\Field</Filter>
    </ClCompile>
    <ClCompile Include="Skybox.cpp">
      <Filter>Game\Field</Filter>
    </ClCompile>
    <ClCompile Include="Enemy_People.cpp">
      <Filter>Game\Enemy</Filter>
    </ClCompile>
    <ClCompile Include="MapObjectManager.cpp">
      <Filter>Game\Field</Filter>
    </ClCompile>
    <ClCompile Include="HadBar.cpp">
      <Filter>Game\HUD</Filter>
    </ClCompile>
    <ClCompile Include="DivisionWall.cpp">
      <Filter>Game\Gimmick</Filter>
    </ClCompile>
    <ClCompile Include="CollisionObject.cpp">
      <Filter>Game\Phisics</Filter>
    </ClCompile>
    <ClCompile Include="CollisionInterface.cpp">
      <Filter>Game\Phisics</Filter>
    </ClCompile>
    <ClCompile Include="CollisionRender.cpp" />
    <ClCompile Include="Enemy_Boss.cpp">
      <Filter>Game\Enemy\Boss</Filter>
    </ClCompile>
    <ClCompile Include="Barrier.cpp">
      <Filter>Game\Enemy\Boss</Filter>
    </ClCompile>
    <ClCompile Include="EscapeState.cpp">
      <Filter>Game\Enemy\Boss\HFSM</Filter>
    </ClCompile>
    <ClCompile Include="MoveState.cpp">
      <Filter>Game\Enemy\Boss\HFSM</Filter>
    </ClCompile>
    <ClCompile Include="RotateState.cpp">
      <Filter>Game\Enemy\Boss\HFSM</Filter>
    </ClCompile>
    <ClCompile Include="RushAttackState.cpp">
      <Filter>Game\Enemy\Boss\HFSM</Filter>
    </ClCompile>
    <ClCompile Include="ShotAttackState.cpp">
      <Filter>Game\Enemy\Boss\HFSM</Filter>
    </ClCompile>
    <ClCompile Include="ShotState.cpp">
      <Filter>Game\Enemy\Boss\HFSM</Filter>
    </ClCompile>
    <ClCompile Include="SleepState.cpp">
      <Filter>Game\Enemy\Boss\HFSM</Filter>
    </ClCompile>
    <ClCompile Include="TransState.cpp">
      <Filter>Game\Enemy\Boss\HFSM</Filter>
    </ClCompile>
    <ClCompile Include="WaitState.cpp">
      <Filter>Game\Enemy\Boss\HFSM</Filter>
    </ClCompile>
    <ClCompile Include="IsRepulsion.cpp">
      <Filter>Game\Phisics</Filter>
    </ClCompile>
    <ClCompile Include="AttackState.cpp">
      <Filter>Game\Enemy\Boss\HFSM</Filter>
    </ClCompile>
    <ClCompile Include="GameAudio.cpp">
      <Filter>Engine\Audio</Filter>
    </ClCompile>
    <ClCompile Include="DeathState.cpp" />
  </ItemGroup>
  <ItemGroup>
    <ResourceCompile Include="DirectX.rc">
      <Filter>リソース ファイル</Filter>
    </ResourceCompile>
  </ItemGroup>
  <ItemGroup>
    <Image Include="small.ico">
      <Filter>リソース ファイル</Filter>
    </Image>
    <Image Include="DirectX.ico">
      <Filter>リソース ファイル</Filter>
    </Image>
  </ItemGroup>
  <ItemGroup>
    <None Include="ClassDiagram.cd" />
  </ItemGroup>
</Project>